// !$*UTF8*$!
{
	archiveVersion = 1;
	classes = {
	};
	objectVersion = 56;
	objects = {

/* Begin PBXBuildFile section */
		0805BC3B2C35F60F00DB9CBC /* AppDelegate.swift in Sources */ = {isa = PBXBuildFile; fileRef = 0805BC3A2C35F60F00DB9CBC /* AppDelegate.swift */; };
		0805BC3D2C35F60F00DB9CBC /* SceneDelegate.swift in Sources */ = {isa = PBXBuildFile; fileRef = 0805BC3C2C35F60F00DB9CBC /* SceneDelegate.swift */; };
		0805BC442C35F61000DB9CBC /* Assets.xcassets in Resources */ = {isa = PBXBuildFile; fileRef = 0805BC432C35F61000DB9CBC /* Assets.xcassets */; };
		0805BC472C35F61000DB9CBC /* Base in Resources */ = {isa = PBXBuildFile; fileRef = 0805BC462C35F61000DB9CBC /* Base */; };
		0805BC522C35F61100DB9CBC /* TeamEstimateTests.swift in Sources */ = {isa = PBXBuildFile; fileRef = 0805BC512C35F61100DB9CBC /* TeamEstimateTests.swift */; };
		0805BC5C2C35F61100DB9CBC /* TeamEstimateUITests.swift in Sources */ = {isa = PBXBuildFile; fileRef = 0805BC5B2C35F61100DB9CBC /* TeamEstimateUITests.swift */; };
		0805BC5E2C35F61100DB9CBC /* TeamEstimateUITestsLaunchTests.swift in Sources */ = {isa = PBXBuildFile; fileRef = 0805BC5D2C35F61100DB9CBC /* TeamEstimateUITestsLaunchTests.swift */; };
		0805BC6B2C35F7C200DB9CBC /* ModeSelectionViewController.swift in Sources */ = {isa = PBXBuildFile; fileRef = 0805BC6A2C35F7C200DB9CBC /* ModeSelectionViewController.swift */; };
		0833C4612C371F19004E13D0 /* MainCoordinator.swift in Sources */ = {isa = PBXBuildFile; fileRef = 0833C4602C371F19004E13D0 /* MainCoordinator.swift */; };
		0833C4632C37540D004E13D0 /* TShirtGameCoordinator.swift in Sources */ = {isa = PBXBuildFile; fileRef = 0833C4622C37540D004E13D0 /* TShirtGameCoordinator.swift */; };
		0833C4662C375801004E13D0 /* CardDetailCoordinator.swift in Sources */ = {isa = PBXBuildFile; fileRef = 0833C4652C375801004E13D0 /* CardDetailCoordinator.swift */; };
		0833C4682C376596004E13D0 /* CardListCoordinator.swift in Sources */ = {isa = PBXBuildFile; fileRef = 0833C4672C376596004E13D0 /* CardListCoordinator.swift */; };
		0833C46B2C377133004E13D0 /* CardListViewModel.swift in Sources */ = {isa = PBXBuildFile; fileRef = 0833C46A2C377133004E13D0 /* CardListViewModel.swift */; };
		08D30C312C370B8C0041ADA8 /* FibonacciGameCoordinator.swift in Sources */ = {isa = PBXBuildFile; fileRef = 08D30C302C370B8C0041ADA8 /* FibonacciGameCoordinator.swift */; };
		08D30C332C370C400041ADA8 /* Coordinator.swift in Sources */ = {isa = PBXBuildFile; fileRef = 08D30C322C370C400041ADA8 /* Coordinator.swift */; };
		08FBCB052C35FECC00467AD8 /* ViewCode.swift in Sources */ = {isa = PBXBuildFile; fileRef = 08FBCB042C35FECC00467AD8 /* ViewCode.swift */; };
		08FBCB072C35FEE900467AD8 /* ReuseIdentifier.swift in Sources */ = {isa = PBXBuildFile; fileRef = 08FBCB062C35FEE900467AD8 /* ReuseIdentifier.swift */; };
		08FBCB0A2C3600CF00467AD8 /* CellRow.swift in Sources */ = {isa = PBXBuildFile; fileRef = 08FBCB092C3600CF00467AD8 /* CellRow.swift */; };
		08FBCB0D2C36079100467AD8 /* FibonacciCardsViewController.swift in Sources */ = {isa = PBXBuildFile; fileRef = 08FBCB0C2C36079100467AD8 /* FibonacciCardsViewController.swift */; };
		08FBCB112C36124700467AD8 /* CardDetailViewController.swift in Sources */ = {isa = PBXBuildFile; fileRef = 08FBCB102C36124700467AD8 /* CardDetailViewController.swift */; };
		08FBCB142C3632A100467AD8 /* TShirtCardViewController.swift in Sources */ = {isa = PBXBuildFile; fileRef = 08FBCB132C3632A100467AD8 /* TShirtCardViewController.swift */; };
		08FBCB182C3632DF00467AD8 /* CardListViewController.swift in Sources */ = {isa = PBXBuildFile; fileRef = 08FBCB172C3632DF00467AD8 /* CardListViewController.swift */; };
		08FBCB1A2C3636E700467AD8 /* FibonacciCardsViewModel.swift in Sources */ = {isa = PBXBuildFile; fileRef = 08FBCB192C3636E700467AD8 /* FibonacciCardsViewModel.swift */; };
		08FBCB1C2C36385900467AD8 /* TShirtCardsViewModel.swift in Sources */ = {isa = PBXBuildFile; fileRef = 08FBCB1B2C36385900467AD8 /* TShirtCardsViewModel.swift */; };
/* End PBXBuildFile section */

/* Begin PBXContainerItemProxy section */
		0805BC4E2C35F61100DB9CBC /* PBXContainerItemProxy */ = {
			isa = PBXContainerItemProxy;
			containerPortal = 0805BC2F2C35F60F00DB9CBC /* Project object */;
			proxyType = 1;
			remoteGlobalIDString = 0805BC362C35F60F00DB9CBC;
			remoteInfo = TeamEstimate;
		};
		0805BC582C35F61100DB9CBC /* PBXContainerItemProxy */ = {
			isa = PBXContainerItemProxy;
			containerPortal = 0805BC2F2C35F60F00DB9CBC /* Project object */;
			proxyType = 1;
			remoteGlobalIDString = 0805BC362C35F60F00DB9CBC;
			remoteInfo = TeamEstimate;
		};
/* End PBXContainerItemProxy section */

/* Begin PBXFileReference section */
		0805BC372C35F60F00DB9CBC /* TeamEstimate.app */ = {isa = PBXFileReference; explicitFileType = wrapper.application; includeInIndex = 0; path = TeamEstimate.app; sourceTree = BUILT_PRODUCTS_DIR; };
		0805BC3A2C35F60F00DB9CBC /* AppDelegate.swift */ = {isa = PBXFileReference; lastKnownFileType = sourcecode.swift; path = AppDelegate.swift; sourceTree = "<group>"; };
		0805BC3C2C35F60F00DB9CBC /* SceneDelegate.swift */ = {isa = PBXFileReference; lastKnownFileType = sourcecode.swift; path = SceneDelegate.swift; sourceTree = "<group>"; };
		0805BC432C35F61000DB9CBC /* Assets.xcassets */ = {isa = PBXFileReference; lastKnownFileType = folder.assetcatalog; path = Assets.xcassets; sourceTree = "<group>"; };
		0805BC462C35F61000DB9CBC /* Base */ = {isa = PBXFileReference; lastKnownFileType = file.storyboard; name = Base; path = Base.lproj/LaunchScreen.storyboard; sourceTree = "<group>"; };
		0805BC482C35F61000DB9CBC /* Info.plist */ = {isa = PBXFileReference; lastKnownFileType = text.plist.xml; path = Info.plist; sourceTree = "<group>"; };
		0805BC4D2C35F61100DB9CBC /* TeamEstimateTests.xctest */ = {isa = PBXFileReference; explicitFileType = wrapper.cfbundle; includeInIndex = 0; path = TeamEstimateTests.xctest; sourceTree = BUILT_PRODUCTS_DIR; };
		0805BC512C35F61100DB9CBC /* TeamEstimateTests.swift */ = {isa = PBXFileReference; lastKnownFileType = sourcecode.swift; path = TeamEstimateTests.swift; sourceTree = "<group>"; };
		0805BC572C35F61100DB9CBC /* TeamEstimateUITests.xctest */ = {isa = PBXFileReference; explicitFileType = wrapper.cfbundle; includeInIndex = 0; path = TeamEstimateUITests.xctest; sourceTree = BUILT_PRODUCTS_DIR; };
		0805BC5B2C35F61100DB9CBC /* TeamEstimateUITests.swift */ = {isa = PBXFileReference; lastKnownFileType = sourcecode.swift; path = TeamEstimateUITests.swift; sourceTree = "<group>"; };
		0805BC5D2C35F61100DB9CBC /* TeamEstimateUITestsLaunchTests.swift */ = {isa = PBXFileReference; lastKnownFileType = sourcecode.swift; path = TeamEstimateUITestsLaunchTests.swift; sourceTree = "<group>"; };
		0805BC6A2C35F7C200DB9CBC /* ModeSelectionViewController.swift */ = {isa = PBXFileReference; lastKnownFileType = sourcecode.swift; path = ModeSelectionViewController.swift; sourceTree = "<group>"; };
		0833C4602C371F19004E13D0 /* MainCoordinator.swift */ = {isa = PBXFileReference; lastKnownFileType = sourcecode.swift; path = MainCoordinator.swift; sourceTree = "<group>"; };
		0833C4622C37540D004E13D0 /* TShirtGameCoordinator.swift */ = {isa = PBXFileReference; lastKnownFileType = sourcecode.swift; path = TShirtGameCoordinator.swift; sourceTree = "<group>"; };
		0833C4652C375801004E13D0 /* CardDetailCoordinator.swift */ = {isa = PBXFileReference; lastKnownFileType = sourcecode.swift; path = CardDetailCoordinator.swift; sourceTree = "<group>"; };
		0833C4672C376596004E13D0 /* CardListCoordinator.swift */ = {isa = PBXFileReference; lastKnownFileType = sourcecode.swift; path = CardListCoordinator.swift; sourceTree = "<group>"; };
		0833C46A2C377133004E13D0 /* CardListViewModel.swift */ = {isa = PBXFileReference; lastKnownFileType = sourcecode.swift; path = CardListViewModel.swift; sourceTree = "<group>"; };
		08D30C302C370B8C0041ADA8 /* FibonacciGameCoordinator.swift */ = {isa = PBXFileReference; lastKnownFileType = sourcecode.swift; path = FibonacciGameCoordinator.swift; sourceTree = "<group>"; };
		08D30C322C370C400041ADA8 /* Coordinator.swift */ = {isa = PBXFileReference; lastKnownFileType = sourcecode.swift; path = Coordinator.swift; sourceTree = "<group>"; };
		08FBCB042C35FECC00467AD8 /* ViewCode.swift */ = {isa = PBXFileReference; lastKnownFileType = sourcecode.swift; path = ViewCode.swift; sourceTree = "<group>"; };
		08FBCB062C35FEE900467AD8 /* ReuseIdentifier.swift */ = {isa = PBXFileReference; lastKnownFileType = sourcecode.swift; path = ReuseIdentifier.swift; sourceTree = "<group>"; };
		08FBCB092C3600CF00467AD8 /* CellRow.swift */ = {isa = PBXFileReference; lastKnownFileType = sourcecode.swift; path = CellRow.swift; sourceTree = "<group>"; };
		08FBCB0C2C36079100467AD8 /* FibonacciCardsViewController.swift */ = {isa = PBXFileReference; lastKnownFileType = sourcecode.swift; path = FibonacciCardsViewController.swift; sourceTree = "<group>"; };
		08FBCB102C36124700467AD8 /* CardDetailViewController.swift */ = {isa = PBXFileReference; lastKnownFileType = sourcecode.swift; path = CardDetailViewController.swift; sourceTree = "<group>"; };
		08FBCB132C3632A100467AD8 /* TShirtCardViewController.swift */ = {isa = PBXFileReference; lastKnownFileType = sourcecode.swift; path = TShirtCardViewController.swift; sourceTree = "<group>"; };
		08FBCB172C3632DF00467AD8 /* CardListViewController.swift */ = {isa = PBXFileReference; lastKnownFileType = sourcecode.swift; path = CardListViewController.swift; sourceTree = "<group>"; };
		08FBCB192C3636E700467AD8 /* FibonacciCardsViewModel.swift */ = {isa = PBXFileReference; lastKnownFileType = sourcecode.swift; path = FibonacciCardsViewModel.swift; sourceTree = "<group>"; };
		08FBCB1B2C36385900467AD8 /* TShirtCardsViewModel.swift */ = {isa = PBXFileReference; lastKnownFileType = sourcecode.swift; path = TShirtCardsViewModel.swift; sourceTree = "<group>"; };
/* End PBXFileReference section */

/* Begin PBXFrameworksBuildPhase section */
		0805BC342C35F60F00DB9CBC /* Frameworks */ = {
			isa = PBXFrameworksBuildPhase;
			buildActionMask = 2147483647;
			files = (
			);
			runOnlyForDeploymentPostprocessing = 0;
		};
		0805BC4A2C35F61100DB9CBC /* Frameworks */ = {
			isa = PBXFrameworksBuildPhase;
			buildActionMask = 2147483647;
			files = (
			);
			runOnlyForDeploymentPostprocessing = 0;
		};
		0805BC542C35F61100DB9CBC /* Frameworks */ = {
			isa = PBXFrameworksBuildPhase;
			buildActionMask = 2147483647;
			files = (
			);
			runOnlyForDeploymentPostprocessing = 0;
		};
/* End PBXFrameworksBuildPhase section */

/* Begin PBXGroup section */
		0805BC2E2C35F60F00DB9CBC = {
			isa = PBXGroup;
			children = (
				0805BC392C35F60F00DB9CBC /* TeamEstimate */,
				0805BC502C35F61100DB9CBC /* TeamEstimateTests */,
				0805BC5A2C35F61100DB9CBC /* TeamEstimateUITests */,
				0805BC382C35F60F00DB9CBC /* Products */,
			);
			sourceTree = "<group>";
		};
		0805BC382C35F60F00DB9CBC /* Products */ = {
			isa = PBXGroup;
			children = (
				0805BC372C35F60F00DB9CBC /* TeamEstimate.app */,
				0805BC4D2C35F61100DB9CBC /* TeamEstimateTests.xctest */,
				0805BC572C35F61100DB9CBC /* TeamEstimateUITests.xctest */,
			);
			name = Products;
			sourceTree = "<group>";
		};
		0805BC392C35F60F00DB9CBC /* TeamEstimate */ = {
			isa = PBXGroup;
			children = (
				08D30C2F2C370B470041ADA8 /* CellRow */,
				08FBCB162C3632C800467AD8 /* CardList */,
				08FBCB152C3632BC00467AD8 /* CardDetail */,
				08FBCB122C36329100467AD8 /* TShirt */,
				08FBCB0B2C36076C00467AD8 /* Fibonacci */,
				08FBCB082C3600B600467AD8 /* ModeSelection */,
				08FBCB032C35FEB400467AD8 /* Protocols */,
				0805BC3A2C35F60F00DB9CBC /* AppDelegate.swift */,
				0833C4602C371F19004E13D0 /* MainCoordinator.swift */,
				0805BC3C2C35F60F00DB9CBC /* SceneDelegate.swift */,
				0805BC432C35F61000DB9CBC /* Assets.xcassets */,
				0805BC452C35F61000DB9CBC /* LaunchScreen.storyboard */,
				0805BC482C35F61000DB9CBC /* Info.plist */,
			);
			path = TeamEstimate;
			sourceTree = "<group>";
		};
		0805BC502C35F61100DB9CBC /* TeamEstimateTests */ = {
			isa = PBXGroup;
			children = (
				0805BC512C35F61100DB9CBC /* TeamEstimateTests.swift */,
			);
			path = TeamEstimateTests;
			sourceTree = "<group>";
		};
		0805BC5A2C35F61100DB9CBC /* TeamEstimateUITests */ = {
			isa = PBXGroup;
			children = (
				0805BC5B2C35F61100DB9CBC /* TeamEstimateUITests.swift */,
				0805BC5D2C35F61100DB9CBC /* TeamEstimateUITestsLaunchTests.swift */,
			);
			path = TeamEstimateUITests;
			sourceTree = "<group>";
		};
		0833C4642C3757D0004E13D0 /* View */ = {
			isa = PBXGroup;
			children = (
				08FBCB102C36124700467AD8 /* CardDetailViewController.swift */,
			);
			path = View;
			sourceTree = "<group>";
		};
		0833C4692C377125004E13D0 /* View */ = {
			isa = PBXGroup;
			children = (
				08FBCB172C3632DF00467AD8 /* CardListViewController.swift */,
			);
			path = View;
			sourceTree = "<group>";
		};
		0833C46C2C3775E1004E13D0 /* ViewModel */ = {
			isa = PBXGroup;
			children = (
				0833C46A2C377133004E13D0 /* CardListViewModel.swift */,
			);
			path = ViewModel;
			sourceTree = "<group>";
		};
		08D30C2A2C3709950041ADA8 /* View */ = {
			isa = PBXGroup;
			children = (
				08FBCB132C3632A100467AD8 /* TShirtCardViewController.swift */,
			);
			path = View;
			sourceTree = "<group>";
		};
		08D30C2B2C3709B80041ADA8 /* ViewModel */ = {
			isa = PBXGroup;
			children = (
				08FBCB1B2C36385900467AD8 /* TShirtCardsViewModel.swift */,
			);
			path = ViewModel;
			sourceTree = "<group>";
		};
		08D30C2C2C3709E20041ADA8 /* View */ = {
			isa = PBXGroup;
			children = (
				08FBCB0C2C36079100467AD8 /* FibonacciCardsViewController.swift */,
			);
			path = View;
			sourceTree = "<group>";
		};
		08D30C2D2C3709E80041ADA8 /* ViewModel */ = {
			isa = PBXGroup;
			children = (
				08FBCB192C3636E700467AD8 /* FibonacciCardsViewModel.swift */,
			);
			path = ViewModel;
			sourceTree = "<group>";
		};
		08D30C2E2C370B200041ADA8 /* View */ = {
			isa = PBXGroup;
			children = (
				0805BC6A2C35F7C200DB9CBC /* ModeSelectionViewController.swift */,
			);
			path = View;
			sourceTree = "<group>";
		};
		08D30C2F2C370B470041ADA8 /* CellRow */ = {
			isa = PBXGroup;
			children = (
				08FBCB092C3600CF00467AD8 /* CellRow.swift */,
			);
			path = CellRow;
			sourceTree = "<group>";
		};
		08FBCB032C35FEB400467AD8 /* Protocols */ = {
			isa = PBXGroup;
			children = (
				08FBCB042C35FECC00467AD8 /* ViewCode.swift */,
				08FBCB062C35FEE900467AD8 /* ReuseIdentifier.swift */,
				08D30C322C370C400041ADA8 /* Coordinator.swift */,
			);
			path = Protocols;
			sourceTree = "<group>";
		};
		08FBCB082C3600B600467AD8 /* ModeSelection */ = {
			isa = PBXGroup;
			children = (
				08D30C2E2C370B200041ADA8 /* View */,
			);
			path = ModeSelection;
			sourceTree = "<group>";
		};
		08FBCB0B2C36076C00467AD8 /* Fibonacci */ = {
			isa = PBXGroup;
			children = (
				08D30C2D2C3709E80041ADA8 /* ViewModel */,
				08D30C2C2C3709E20041ADA8 /* View */,
				08D30C302C370B8C0041ADA8 /* FibonacciGameCoordinator.swift */,
			);
			path = Fibonacci;
			sourceTree = "<group>";
		};
		08FBCB122C36329100467AD8 /* TShirt */ = {
			isa = PBXGroup;
			children = (
				08D30C2B2C3709B80041ADA8 /* ViewModel */,
				08D30C2A2C3709950041ADA8 /* View */,
				0833C4622C37540D004E13D0 /* TShirtGameCoordinator.swift */,
			);
			path = TShirt;
			sourceTree = "<group>";
		};
		08FBCB152C3632BC00467AD8 /* CardDetail */ = {
			isa = PBXGroup;
			children = (
				0833C4642C3757D0004E13D0 /* View */,
				0833C4652C375801004E13D0 /* CardDetailCoordinator.swift */,
			);
			path = CardDetail;
			sourceTree = "<group>";
		};
		08FBCB162C3632C800467AD8 /* CardList */ = {
			isa = PBXGroup;
			children = (
				0833C46C2C3775E1004E13D0 /* ViewModel */,
				0833C4692C377125004E13D0 /* View */,
				0833C4672C376596004E13D0 /* CardListCoordinator.swift */,
			);
			path = CardList;
			sourceTree = "<group>";
		};
/* End PBXGroup section */

/* Begin PBXNativeTarget section */
		0805BC362C35F60F00DB9CBC /* TeamEstimate */ = {
			isa = PBXNativeTarget;
			buildConfigurationList = 0805BC612C35F61100DB9CBC /* Build configuration list for PBXNativeTarget "TeamEstimate" */;
			buildPhases = (
				0805BC332C35F60F00DB9CBC /* Sources */,
				0805BC342C35F60F00DB9CBC /* Frameworks */,
				0805BC352C35F60F00DB9CBC /* Resources */,
			);
			buildRules = (
			);
			dependencies = (
			);
			name = TeamEstimate;
			productName = TeamEstimate;
			productReference = 0805BC372C35F60F00DB9CBC /* TeamEstimate.app */;
			productType = "com.apple.product-type.application";
		};
		0805BC4C2C35F61100DB9CBC /* TeamEstimateTests */ = {
			isa = PBXNativeTarget;
			buildConfigurationList = 0805BC642C35F61100DB9CBC /* Build configuration list for PBXNativeTarget "TeamEstimateTests" */;
			buildPhases = (
				0805BC492C35F61100DB9CBC /* Sources */,
				0805BC4A2C35F61100DB9CBC /* Frameworks */,
				0805BC4B2C35F61100DB9CBC /* Resources */,
			);
			buildRules = (
			);
			dependencies = (
				0805BC4F2C35F61100DB9CBC /* PBXTargetDependency */,
			);
			name = TeamEstimateTests;
			productName = TeamEstimateTests;
			productReference = 0805BC4D2C35F61100DB9CBC /* TeamEstimateTests.xctest */;
			productType = "com.apple.product-type.bundle.unit-test";
		};
		0805BC562C35F61100DB9CBC /* TeamEstimateUITests */ = {
			isa = PBXNativeTarget;
			buildConfigurationList = 0805BC672C35F61100DB9CBC /* Build configuration list for PBXNativeTarget "TeamEstimateUITests" */;
			buildPhases = (
				0805BC532C35F61100DB9CBC /* Sources */,
				0805BC542C35F61100DB9CBC /* Frameworks */,
				0805BC552C35F61100DB9CBC /* Resources */,
			);
			buildRules = (
			);
			dependencies = (
				0805BC592C35F61100DB9CBC /* PBXTargetDependency */,
			);
			name = TeamEstimateUITests;
			productName = TeamEstimateUITests;
			productReference = 0805BC572C35F61100DB9CBC /* TeamEstimateUITests.xctest */;
			productType = "com.apple.product-type.bundle.ui-testing";
		};
/* End PBXNativeTarget section */

/* Begin PBXProject section */
		0805BC2F2C35F60F00DB9CBC /* Project object */ = {
			isa = PBXProject;
			attributes = {
				BuildIndependentTargetsInParallel = 1;
				LastSwiftUpdateCheck = 1540;
				LastUpgradeCheck = 1540;
				TargetAttributes = {
					0805BC362C35F60F00DB9CBC = {
						CreatedOnToolsVersion = 15.4;
					};
					0805BC4C2C35F61100DB9CBC = {
						CreatedOnToolsVersion = 15.4;
						TestTargetID = 0805BC362C35F60F00DB9CBC;
					};
					0805BC562C35F61100DB9CBC = {
						CreatedOnToolsVersion = 15.4;
						TestTargetID = 0805BC362C35F60F00DB9CBC;
					};
				};
			};
			buildConfigurationList = 0805BC322C35F60F00DB9CBC /* Build configuration list for PBXProject "TeamEstimate" */;
			compatibilityVersion = "Xcode 14.0";
			developmentRegion = en;
			hasScannedForEncodings = 0;
			knownRegions = (
				en,
				Base,
			);
			mainGroup = 0805BC2E2C35F60F00DB9CBC;
			productRefGroup = 0805BC382C35F60F00DB9CBC /* Products */;
			projectDirPath = "";
			projectRoot = "";
			targets = (
				0805BC362C35F60F00DB9CBC /* TeamEstimate */,
				0805BC4C2C35F61100DB9CBC /* TeamEstimateTests */,
				0805BC562C35F61100DB9CBC /* TeamEstimateUITests */,
			);
		};
/* End PBXProject section */

/* Begin PBXResourcesBuildPhase section */
		0805BC352C35F60F00DB9CBC /* Resources */ = {
			isa = PBXResourcesBuildPhase;
			buildActionMask = 2147483647;
			files = (
				0805BC442C35F61000DB9CBC /* Assets.xcassets in Resources */,
				0805BC472C35F61000DB9CBC /* Base in Resources */,
			);
			runOnlyForDeploymentPostprocessing = 0;
		};
		0805BC4B2C35F61100DB9CBC /* Resources */ = {
			isa = PBXResourcesBuildPhase;
			buildActionMask = 2147483647;
			files = (
			);
			runOnlyForDeploymentPostprocessing = 0;
		};
		0805BC552C35F61100DB9CBC /* Resources */ = {
			isa = PBXResourcesBuildPhase;
			buildActionMask = 2147483647;
			files = (
			);
			runOnlyForDeploymentPostprocessing = 0;
		};
/* End PBXResourcesBuildPhase section */

/* Begin PBXSourcesBuildPhase section */
		0805BC332C35F60F00DB9CBC /* Sources */ = {
			isa = PBXSourcesBuildPhase;
			buildActionMask = 2147483647;
			files = (
				08FBCB112C36124700467AD8 /* CardDetailViewController.swift in Sources */,
				08FBCB182C3632DF00467AD8 /* CardListViewController.swift in Sources */,
				0833C4632C37540D004E13D0 /* TShirtGameCoordinator.swift in Sources */,
				0805BC6B2C35F7C200DB9CBC /* ModeSelectionViewController.swift in Sources */,
				08FBCB0D2C36079100467AD8 /* FibonacciCardsViewController.swift in Sources */,
				08FBCB072C35FEE900467AD8 /* ReuseIdentifier.swift in Sources */,
				08FBCB142C3632A100467AD8 /* TShirtCardViewController.swift in Sources */,
				08D30C332C370C400041ADA8 /* Coordinator.swift in Sources */,
				0833C4662C375801004E13D0 /* CardDetailCoordinator.swift in Sources */,
				08FBCB0A2C3600CF00467AD8 /* CellRow.swift in Sources */,
				0833C4682C376596004E13D0 /* CardListCoordinator.swift in Sources */,
				08FBCB052C35FECC00467AD8 /* ViewCode.swift in Sources */,
				0805BC3B2C35F60F00DB9CBC /* AppDelegate.swift in Sources */,
				0833C46B2C377133004E13D0 /* CardListViewModel.swift in Sources */,
				0805BC3D2C35F60F00DB9CBC /* SceneDelegate.swift in Sources */,
				08FBCB1A2C3636E700467AD8 /* FibonacciCardsViewModel.swift in Sources */,
				08D30C312C370B8C0041ADA8 /* FibonacciGameCoordinator.swift in Sources */,
				0833C4612C371F19004E13D0 /* MainCoordinator.swift in Sources */,
				08FBCB1C2C36385900467AD8 /* TShirtCardsViewModel.swift in Sources */,
			);
			runOnlyForDeploymentPostprocessing = 0;
		};
		0805BC492C35F61100DB9CBC /* Sources */ = {
			isa = PBXSourcesBuildPhase;
			buildActionMask = 2147483647;
			files = (
				0805BC522C35F61100DB9CBC /* TeamEstimateTests.swift in Sources */,
			);
			runOnlyForDeploymentPostprocessing = 0;
		};
		0805BC532C35F61100DB9CBC /* Sources */ = {
			isa = PBXSourcesBuildPhase;
			buildActionMask = 2147483647;
			files = (
				0805BC5C2C35F61100DB9CBC /* TeamEstimateUITests.swift in Sources */,
				0805BC5E2C35F61100DB9CBC /* TeamEstimateUITestsLaunchTests.swift in Sources */,
			);
			runOnlyForDeploymentPostprocessing = 0;
		};
/* End PBXSourcesBuildPhase section */

/* Begin PBXTargetDependency section */
		0805BC4F2C35F61100DB9CBC /* PBXTargetDependency */ = {
			isa = PBXTargetDependency;
			target = 0805BC362C35F60F00DB9CBC /* TeamEstimate */;
			targetProxy = 0805BC4E2C35F61100DB9CBC /* PBXContainerItemProxy */;
		};
		0805BC592C35F61100DB9CBC /* PBXTargetDependency */ = {
			isa = PBXTargetDependency;
			target = 0805BC362C35F60F00DB9CBC /* TeamEstimate */;
			targetProxy = 0805BC582C35F61100DB9CBC /* PBXContainerItemProxy */;
		};
/* End PBXTargetDependency section */

/* Begin PBXVariantGroup section */
		0805BC452C35F61000DB9CBC /* LaunchScreen.storyboard */ = {
			isa = PBXVariantGroup;
			children = (
				0805BC462C35F61000DB9CBC /* Base */,
			);
			name = LaunchScreen.storyboard;
			sourceTree = "<group>";
		};
/* End PBXVariantGroup section */

/* Begin XCBuildConfiguration section */
		0805BC5F2C35F61100DB9CBC /* Debug */ = {
			isa = XCBuildConfiguration;
			buildSettings = {
				ALWAYS_SEARCH_USER_PATHS = NO;
				ASSETCATALOG_COMPILER_GENERATE_SWIFT_ASSET_SYMBOL_EXTENSIONS = YES;
				CLANG_ANALYZER_NONNULL = YES;
				CLANG_ANALYZER_NUMBER_OBJECT_CONVERSION = YES_AGGRESSIVE;
				CLANG_CXX_LANGUAGE_STANDARD = "gnu++20";
				CLANG_ENABLE_MODULES = YES;
				CLANG_ENABLE_OBJC_ARC = YES;
				CLANG_ENABLE_OBJC_WEAK = YES;
				CLANG_WARN_BLOCK_CAPTURE_AUTORELEASING = YES;
				CLANG_WARN_BOOL_CONVERSION = YES;
				CLANG_WARN_COMMA = YES;
				CLANG_WARN_CONSTANT_CONVERSION = YES;
				CLANG_WARN_DEPRECATED_OBJC_IMPLEMENTATIONS = YES;
				CLANG_WARN_DIRECT_OBJC_ISA_USAGE = YES_ERROR;
				CLANG_WARN_DOCUMENTATION_COMMENTS = YES;
				CLANG_WARN_EMPTY_BODY = YES;
				CLANG_WARN_ENUM_CONVERSION = YES;
				CLANG_WARN_INFINITE_RECURSION = YES;
				CLANG_WARN_INT_CONVERSION = YES;
				CLANG_WARN_NON_LITERAL_NULL_CONVERSION = YES;
				CLANG_WARN_OBJC_IMPLICIT_RETAIN_SELF = YES;
				CLANG_WARN_OBJC_LITERAL_CONVERSION = YES;
				CLANG_WARN_OBJC_ROOT_CLASS = YES_ERROR;
				CLANG_WARN_QUOTED_INCLUDE_IN_FRAMEWORK_HEADER = YES;
				CLANG_WARN_RANGE_LOOP_ANALYSIS = YES;
				CLANG_WARN_STRICT_PROTOTYPES = YES;
				CLANG_WARN_SUSPICIOUS_MOVE = YES;
				CLANG_WARN_UNGUARDED_AVAILABILITY = YES_AGGRESSIVE;
				CLANG_WARN_UNREACHABLE_CODE = YES;
				CLANG_WARN__DUPLICATE_METHOD_MATCH = YES;
				COPY_PHASE_STRIP = NO;
				DEBUG_INFORMATION_FORMAT = dwarf;
				ENABLE_STRICT_OBJC_MSGSEND = YES;
				ENABLE_TESTABILITY = YES;
				ENABLE_USER_SCRIPT_SANDBOXING = YES;
				GCC_C_LANGUAGE_STANDARD = gnu17;
				GCC_DYNAMIC_NO_PIC = NO;
				GCC_NO_COMMON_BLOCKS = YES;
				GCC_OPTIMIZATION_LEVEL = 0;
				GCC_PREPROCESSOR_DEFINITIONS = (
					"DEBUG=1",
					"$(inherited)",
				);
				GCC_WARN_64_TO_32_BIT_CONVERSION = YES;
				GCC_WARN_ABOUT_RETURN_TYPE = YES_ERROR;
				GCC_WARN_UNDECLARED_SELECTOR = YES;
				GCC_WARN_UNINITIALIZED_AUTOS = YES_AGGRESSIVE;
				GCC_WARN_UNUSED_FUNCTION = YES;
				GCC_WARN_UNUSED_VARIABLE = YES;
				IPHONEOS_DEPLOYMENT_TARGET = 17.5;
				LOCALIZATION_PREFERS_STRING_CATALOGS = YES;
				MTL_ENABLE_DEBUG_INFO = INCLUDE_SOURCE;
				MTL_FAST_MATH = YES;
				ONLY_ACTIVE_ARCH = YES;
				SDKROOT = iphoneos;
				SWIFT_ACTIVE_COMPILATION_CONDITIONS = "DEBUG $(inherited)";
				SWIFT_OPTIMIZATION_LEVEL = "-Onone";
			};
			name = Debug;
		};
		0805BC602C35F61100DB9CBC /* Release */ = {
			isa = XCBuildConfiguration;
			buildSettings = {
				ALWAYS_SEARCH_USER_PATHS = NO;
				ASSETCATALOG_COMPILER_GENERATE_SWIFT_ASSET_SYMBOL_EXTENSIONS = YES;
				CLANG_ANALYZER_NONNULL = YES;
				CLANG_ANALYZER_NUMBER_OBJECT_CONVERSION = YES_AGGRESSIVE;
				CLANG_CXX_LANGUAGE_STANDARD = "gnu++20";
				CLANG_ENABLE_MODULES = YES;
				CLANG_ENABLE_OBJC_ARC = YES;
				CLANG_ENABLE_OBJC_WEAK = YES;
				CLANG_WARN_BLOCK_CAPTURE_AUTORELEASING = YES;
				CLANG_WARN_BOOL_CONVERSION = YES;
				CLANG_WARN_COMMA = YES;
				CLANG_WARN_CONSTANT_CONVERSION = YES;
				CLANG_WARN_DEPRECATED_OBJC_IMPLEMENTATIONS = YES;
				CLANG_WARN_DIRECT_OBJC_ISA_USAGE = YES_ERROR;
				CLANG_WARN_DOCUMENTATION_COMMENTS = YES;
				CLANG_WARN_EMPTY_BODY = YES;
				CLANG_WARN_ENUM_CONVERSION = YES;
				CLANG_WARN_INFINITE_RECURSION = YES;
				CLANG_WARN_INT_CONVERSION = YES;
				CLANG_WARN_NON_LITERAL_NULL_CONVERSION = YES;
				CLANG_WARN_OBJC_IMPLICIT_RETAIN_SELF = YES;
				CLANG_WARN_OBJC_LITERAL_CONVERSION = YES;
				CLANG_WARN_OBJC_ROOT_CLASS = YES_ERROR;
				CLANG_WARN_QUOTED_INCLUDE_IN_FRAMEWORK_HEADER = YES;
				CLANG_WARN_RANGE_LOOP_ANALYSIS = YES;
				CLANG_WARN_STRICT_PROTOTYPES = YES;
				CLANG_WARN_SUSPICIOUS_MOVE = YES;
				CLANG_WARN_UNGUARDED_AVAILABILITY = YES_AGGRESSIVE;
				CLANG_WARN_UNREACHABLE_CODE = YES;
				CLANG_WARN__DUPLICATE_METHOD_MATCH = YES;
				COPY_PHASE_STRIP = NO;
				DEBUG_INFORMATION_FORMAT = "dwarf-with-dsym";
				ENABLE_NS_ASSERTIONS = NO;
				ENABLE_STRICT_OBJC_MSGSEND = YES;
				ENABLE_USER_SCRIPT_SANDBOXING = YES;
				GCC_C_LANGUAGE_STANDARD = gnu17;
				GCC_NO_COMMON_BLOCKS = YES;
				GCC_WARN_64_TO_32_BIT_CONVERSION = YES;
				GCC_WARN_ABOUT_RETURN_TYPE = YES_ERROR;
				GCC_WARN_UNDECLARED_SELECTOR = YES;
				GCC_WARN_UNINITIALIZED_AUTOS = YES_AGGRESSIVE;
				GCC_WARN_UNUSED_FUNCTION = YES;
				GCC_WARN_UNUSED_VARIABLE = YES;
				IPHONEOS_DEPLOYMENT_TARGET = 17.5;
				LOCALIZATION_PREFERS_STRING_CATALOGS = YES;
				MTL_ENABLE_DEBUG_INFO = NO;
				MTL_FAST_MATH = YES;
				SDKROOT = iphoneos;
				SWIFT_COMPILATION_MODE = wholemodule;
				VALIDATE_PRODUCT = YES;
			};
			name = Release;
		};
		0805BC622C35F61100DB9CBC /* Debug */ = {
			isa = XCBuildConfiguration;
			buildSettings = {
				ASSETCATALOG_COMPILER_APPICON_NAME = AppIcon;
				ASSETCATALOG_COMPILER_GLOBAL_ACCENT_COLOR_NAME = AccentColor;
				CODE_SIGN_STYLE = Automatic;
				CURRENT_PROJECT_VERSION = 1;
				DEVELOPMENT_TEAM = GAQAM8PW76;
				GENERATE_INFOPLIST_FILE = YES;
				INFOPLIST_FILE = TeamEstimate/Info.plist;
				INFOPLIST_KEY_UIApplicationSupportsIndirectInputEvents = YES;
				INFOPLIST_KEY_UILaunchStoryboardName = LaunchScreen;
				INFOPLIST_KEY_UISupportedInterfaceOrientations_iPad = "UIInterfaceOrientationPortrait UIInterfaceOrientationPortraitUpsideDown UIInterfaceOrientationLandscapeLeft UIInterfaceOrientationLandscapeRight";
				INFOPLIST_KEY_UISupportedInterfaceOrientations_iPhone = "UIInterfaceOrientationPortrait UIInterfaceOrientationLandscapeLeft UIInterfaceOrientationLandscapeRight";
				IPHONEOS_DEPLOYMENT_TARGET = 13.0;
				LD_RUNPATH_SEARCH_PATHS = (
					"$(inherited)",
					"@executable_path/Frameworks",
				);
				MARKETING_VERSION = 1.0;
				PRODUCT_BUNDLE_IDENTIFIER = arousal.bribe.TeamEstimate;
				PRODUCT_NAME = "$(TARGET_NAME)";
				SWIFT_EMIT_LOC_STRINGS = YES;
				SWIFT_VERSION = 5.0;
				TARGETED_DEVICE_FAMILY = "1,2";
			};
			name = Debug;
		};
		0805BC632C35F61100DB9CBC /* Release */ = {
			isa = XCBuildConfiguration;
			buildSettings = {
				ASSETCATALOG_COMPILER_APPICON_NAME = AppIcon;
				ASSETCATALOG_COMPILER_GLOBAL_ACCENT_COLOR_NAME = AccentColor;
				CODE_SIGN_STYLE = Automatic;
				CURRENT_PROJECT_VERSION = 1;
				DEVELOPMENT_TEAM = GAQAM8PW76;
				GENERATE_INFOPLIST_FILE = YES;
				INFOPLIST_FILE = TeamEstimate/Info.plist;
				INFOPLIST_KEY_UIApplicationSupportsIndirectInputEvents = YES;
				INFOPLIST_KEY_UILaunchStoryboardName = LaunchScreen;
				INFOPLIST_KEY_UISupportedInterfaceOrientations_iPad = "UIInterfaceOrientationPortrait UIInterfaceOrientationPortraitUpsideDown UIInterfaceOrientationLandscapeLeft UIInterfaceOrientationLandscapeRight";
				INFOPLIST_KEY_UISupportedInterfaceOrientations_iPhone = "UIInterfaceOrientationPortrait UIInterfaceOrientationLandscapeLeft UIInterfaceOrientationLandscapeRight";
				IPHONEOS_DEPLOYMENT_TARGET = 13.0;
				LD_RUNPATH_SEARCH_PATHS = (
					"$(inherited)",
					"@executable_path/Frameworks",
				);
				MARKETING_VERSION = 1.0;
				PRODUCT_BUNDLE_IDENTIFIER = arousal.bribe.TeamEstimate;
				PRODUCT_NAME = "$(TARGET_NAME)";
				SWIFT_EMIT_LOC_STRINGS = YES;
				SWIFT_VERSION = 5.0;
				TARGETED_DEVICE_FAMILY = "1,2";
			};
			name = Release;
		};
		0805BC652C35F61100DB9CBC /* Debug */ = {
			isa = XCBuildConfiguration;
			buildSettings = {
				ALWAYS_EMBED_SWIFT_STANDARD_LIBRARIES = YES;
				BUNDLE_LOADER = "$(TEST_HOST)";
				CODE_SIGN_STYLE = Automatic;
				CURRENT_PROJECT_VERSION = 1;
				DEVELOPMENT_TEAM = GAQAM8PW76;
				GENERATE_INFOPLIST_FILE = YES;
				IPHONEOS_DEPLOYMENT_TARGET = 17.5;
				MARKETING_VERSION = 1.0;
				PRODUCT_BUNDLE_IDENTIFIER = arousal.bribe.TeamEstimateTests;
				PRODUCT_NAME = "$(TARGET_NAME)";
				SWIFT_EMIT_LOC_STRINGS = NO;
				SWIFT_VERSION = 5.0;
				TARGETED_DEVICE_FAMILY = "1,2";
				TEST_HOST = "$(BUILT_PRODUCTS_DIR)/TeamEstimate.app/$(BUNDLE_EXECUTABLE_FOLDER_PATH)/TeamEstimate";
			};
			name = Debug;
		};
		0805BC662C35F61100DB9CBC /* Release */ = {
			isa = XCBuildConfiguration;
			buildSettings = {
				ALWAYS_EMBED_SWIFT_STANDARD_LIBRARIES = YES;
				BUNDLE_LOADER = "$(TEST_HOST)";
				CODE_SIGN_STYLE = Automatic;
				CURRENT_PROJECT_VERSION = 1;
				DEVELOPMENT_TEAM = GAQAM8PW76;
				GENERATE_INFOPLIST_FILE = YES;
				IPHONEOS_DEPLOYMENT_TARGET = 17.5;
				MARKETING_VERSION = 1.0;
				PRODUCT_BUNDLE_IDENTIFIER = arousal.bribe.TeamEstimateTests;
				PRODUCT_NAME = "$(TARGET_NAME)";
				SWIFT_EMIT_LOC_STRINGS = NO;
				SWIFT_VERSION = 5.0;
				TARGETED_DEVICE_FAMILY = "1,2";
				TEST_HOST = "$(BUILT_PRODUCTS_DIR)/TeamEstimate.app/$(BUNDLE_EXECUTABLE_FOLDER_PATH)/TeamEstimate";
			};
			name = Release;
		};
		0805BC682C35F61100DB9CBC /* Debug */ = {
			isa = XCBuildConfiguration;
			buildSettings = {
				ALWAYS_EMBED_SWIFT_STANDARD_LIBRARIES = YES;
				CODE_SIGN_STYLE = Automatic;
				CURRENT_PROJECT_VERSION = 1;
				DEVELOPMENT_TEAM = GAQAM8PW76;
				GENERATE_INFOPLIST_FILE = YES;
				MARKETING_VERSION = 1.0;
				PRODUCT_BUNDLE_IDENTIFIER = arousal.bribe.TeamEstimateUITests;
				PRODUCT_NAME = "$(TARGET_NAME)";
				SWIFT_EMIT_LOC_STRINGS = NO;
				SWIFT_VERSION = 5.0;
				TARGETED_DEVICE_FAMILY = "1,2";
				TEST_TARGET_NAME = TeamEstimate;
			};
			name = Debug;
		};
		0805BC692C35F61100DB9CBC /* Release */ = {
			isa = XCBuildConfiguration;
			buildSettings = {
				ALWAYS_EMBED_SWIFT_STANDARD_LIBRARIES = YES;
				CODE_SIGN_STYLE = Automatic;
				CURRENT_PROJECT_VERSION = 1;
				DEVELOPMENT_TEAM = GAQAM8PW76;
				GENERATE_INFOPLIST_FILE = YES;
				MARKETING_VERSION = 1.0;
				PRODUCT_BUNDLE_IDENTIFIER = arousal.bribe.TeamEstimateUITests;
				PRODUCT_NAME = "$(TARGET_NAME)";
				SWIFT_EMIT_LOC_STRINGS = NO;
				SWIFT_VERSION = 5.0;
				TARGETED_DEVICE_FAMILY = "1,2";
				TEST_TARGET_NAME = TeamEstimate;
			};
			name = Release;
		};
/* End XCBuildConfiguration section */

/* Begin XCConfigurationList section */
		0805BC322C35F60F00DB9CBC /* Build configuration list for PBXProject "TeamEstimate" */ = {
			isa = XCConfigurationList;
			buildConfigurations = (
				0805BC5F2C35F61100DB9CBC /* Debug */,
				0805BC602C35F61100DB9CBC /* Release */,
			);
			defaultConfigurationIsVisible = 0;
			defaultConfigurationName = Release;
		};
		0805BC612C35F61100DB9CBC /* Build configuration list for PBXNativeTarget "TeamEstimate" */ = {
			isa = XCConfigurationList;
			buildConfigurations = (
				0805BC622C35F61100DB9CBC /* Debug */,
				0805BC632C35F61100DB9CBC /* Release */,
			);
			defaultConfigurationIsVisible = 0;
			defaultConfigurationName = Release;
		};
		0805BC642C35F61100DB9CBC /* Build configuration list for PBXNativeTarget "TeamEstimateTests" */ = {
			isa = XCConfigurationList;
			buildConfigurations = (
				0805BC652C35F61100DB9CBC /* Debug */,
				0805BC662C35F61100DB9CBC /* Release */,
			);
			defaultConfigurationIsVisible = 0;
			defaultConfigurationName = Release;
		};
		0805BC672C35F61100DB9CBC /* Build configuration list for PBXNativeTarget "TeamEstimateUITests" */ = {
			isa = XCConfigurationList;
			buildConfigurations = (
				0805BC682C35F61100DB9CBC /* Debug */,
				0805BC692C35F61100DB9CBC /* Release */,
			);
			defaultConfigurationIsVisible = 0;
			defaultConfigurationName = Release;
		};
/* End XCConfigurationList section */
	};
	rootObject = 0805BC2F2C35F60F00DB9CBC /* Project object */;
}
